
Microsoft Visual Studio Solution File, Format Version 12.00
# Visual Studio Version 17
VisualStudioVersion = 17.8.34309.116
MinimumVisualStudioVersion = 10.0.40219.1
Project("{8BC9CEB8-8B4A-11D0-8D11-00A0C91BC942}") = "ex0", "ex0\ex0.vcxproj", "{CFBCBCB8-AA56-447E-B27C-1016DA4BDB00}"
EndProject
Global
	GlobalSection(SolutionConfigurationPlatforms) = preSolution
		Debug|x64 = Debug|x64
		Debug|x86 = Debug|x86
		Release|x64 = Release|x64
		Release|x86 = Release|x86
	EndGlobalSection
	GlobalSection(ProjectConfigurationPlatforms) = postSolution
		{CFBCBCB8-AA56-447E-B27C-1016DA4BDB00}.Debug|x64.ActiveCfg = Debug|x64
		{CFBCBCB8-AA56-447E-B27C-1016DA4BDB00}.Debug|x64.Build.0 = Debug|x64
		{CFBCBCB8-AA56-447E-B27C-1016DA4BDB00}.Debug|x86.ActiveCfg = Debug|Win32
		{CFBCBCB8-AA56-447E-B27C-1016DA4BDB00}.Debug|x86.Build.0 = Debug|Win32
		{CFBCBCB8-AA56-447E-B27C-1016DA4BDB00}.Release|x64.ActiveCfg = Release|x64
		{CFBCBCB8-AA56-447E-B27C-1016DA4BDB00}.Release|x64.Build.0 = Release|x64
		{CFBCBCB8-AA56-447E-B27C-1016DA4BDB00}.Release|x86.ActiveCfg = Release|Win32
		{CFBCBCB8-AA56-447E-B27C-1016DA4BDB00}.Release|x86.Build.0 = Release|Win32
	EndGlobalSection
	GlobalSection(SolutionProperties) = preSolution
		HideSolutionNode = FALSE
	EndGlobalSection
	GlobalSection(ExtensibilityGlobals) = postSolution
		SolutionGuid = {6DB78E50-FB79-42DC-901F-08A04E6FD338}
	EndGlobalSection
EndGlobal
